
Microsoft Visual Studio Solution File, Format Version 12.00
# Visual Studio Version 16
VisualStudioVersion = 16.0.32802.440
MinimumVisualStudioVersion = 10.0.40219.1
Project("{FAE04EC0-301F-11D3-BF4B-00C04F79EFBC}") = "Dice", "Dice\Dice.csproj", "{AB2BB922-A52F-46C4-BBEB-8D6F8A0DCB44}"
EndProject
Global
	GlobalSection(SolutionConfigurationPlatforms) = preSolution
		Debug|Any CPU = Debug|Any CPU
		Release|Any CPU = Release|Any CPU
	EndGlobalSection
	GlobalSection(ProjectConfigurationPlatforms) = postSolution
		{AB2BB922-A52F-46C4-BBEB-8D6F8A0DCB44}.Debug|Any CPU.ActiveCfg = Debug|Any CPU
		{AB2BB922-A52F-46C4-BBEB-8D6F8A0DCB44}.Debug|Any CPU.Build.0 = Debug|Any CPU
		{AB2BB922-A52F-46C4-BBEB-8D6F8A0DCB44}.Release|Any CPU.ActiveCfg = Release|Any CPU
		{AB2BB922-A52F-46C4-BBEB-8D6F8A0DCB44}.Release|Any CPU.Build.0 = Release|Any CPU
	EndGlobalSection
	GlobalSection(SolutionProperties) = preSolution
		HideSolutionNode = FALSE
	EndGlobalSection
	GlobalSection(ExtensibilityGlobals) = postSolution
		SolutionGuid = {01DFF7D1-57F6-4D55-A913-4BAA93E7215F}
	EndGlobalSection
EndGlobal
